
Microsoft Visual Studio Solution File, Format Version 12.00
# Visual Studio Version 17
VisualStudioVersion = 17.11.35208.52
MinimumVisualStudioVersion = 10.0.40219.1
Project("{FAE04EC0-301F-11D3-BF4B-00C04F79EFBC}") = "Singleton", "Singleton.csproj", "{C8901FF8-F84C-4E97-A1A6-07D85355468F}"
EndProject
Global
	GlobalSection(SolutionConfigurationPlatforms) = preSolution
		Debug|Any CPU = Debug|Any CPU
		Release|Any CPU = Release|Any CPU
	EndGlobalSection
	GlobalSection(ProjectConfigurationPlatforms) = postSolution
		{C8901FF8-F84C-4E97-A1A6-07D85355468F}.Debug|Any CPU.ActiveCfg = Debug|Any CPU
		{C8901FF8-F84C-4E97-A1A6-07D85355468F}.Debug|Any CPU.Build.0 = Debug|Any CPU
		{C8901FF8-F84C-4E97-A1A6-07D85355468F}.Release|Any CPU.ActiveCfg = Release|Any CPU
		{C8901FF8-F84C-4E97-A1A6-07D85355468F}.Release|Any CPU.Build.0 = Release|Any CPU
	EndGlobalSection
	GlobalSection(SolutionProperties) = preSolution
		HideSolutionNode = FALSE
	EndGlobalSection
	GlobalSection(ExtensibilityGlobals) = postSolution
		SolutionGuid = {6C7776D3-982F-436F-8C68-BED6A904787E}
	EndGlobalSection
EndGlobal
